<?xml version="1.0" encoding="utf-8"?>
<Project ToolsVersion="4.0" xmlns="http://schemas.microsoft.com/developer/msbuild/2003">
  <ItemGroup>
    <Filter Include="core">
      <UniqueIdentifier>{4FC737F1-C7A5-4376-A066-2A32D752A2FF}</UniqueIdentifier>
    </Filter>
    <Filter Include="entity">
      <UniqueIdentifier>{93995380-89BD-4b04-88EB-625FBE52EBFB}</UniqueIdentifier>
    </Filter>
    <Filter Include="weapon">
      <UniqueIdentifier>{A1B2C3D4-E5F6-7890-ABCD-EF1234567890}</UniqueIdentifier>
    </Filter>
    <Filter Include="lua">
      <UniqueIdentifier>{B2C3D4E5-F6A7-8901-BCDE-F12345678901}</UniqueIdentifier>
    </Filter>
    <Filter Include="debug_commands">
      <UniqueIdentifier>{C3D4E5F6-A7B8-9012-CDEF-123456789012}</UniqueIdentifier>
    </Filter>
    <Filter Include="util">
      <UniqueIdentifier>{D4E5F6A7-B8C9-0123-DEFA-234567890123}</UniqueIdentifier>
    </Filter>
    <Filter Include="loading_screen">
      <UniqueIdentifier>{E5F6A7B8-C9D0-1234-EFAB-345678901234}</UniqueIdentifier>
    </Filter>
    <Filter Include="Resource Files">
      <UniqueIdentifier>{67DA6AB6-F800-4c08-8B7A-83BB121AAD01}</UniqueIdentifier>
      <Extensions>rc;ico;cur;bmp;dlg;rc2;rct;bin;rgs;gif;jpg;jpeg;jpe;resx;tiff;tif;png;wav;mfcribbon-ms</Extensions>
    </Filter>
    <Filter Include="shell">
      <UniqueIdentifier>{F6A7B8C9-D0E1-2345-FABC-456789012345}</UniqueIdentifier>
    </Filter>
    <Filter Include="controller">
      <UniqueIdentifier>{A7B8C9D0-E1F2-3456-ABCD-567890123456}</UniqueIdentifier>
    </Filter>
  </ItemGroup>
  <ItemGroup>
    <ClInclude Include="resource.h">
      <Filter>core</Filter>
    </ClInclude>
    <ClInclude Include="src\core\pch.h">
      <Filter>core</Filter>
    </ClInclude>
    <ClInclude Include="src\core\framework.h">
      <Filter>core</Filter>
    </ClInclude>
    <ClInclude Include="src\core\apply_patches.hpp">
      <Filter>core</Filter>
    </ClInclude>
    <ClInclude Include="src\core\patch_table.hpp">
      <Filter>core</Filter>
    </ClInclude>
    <ClInclude Include="src\core\game_addrs.hpp">
      <Filter>core</Filter>
    </ClInclude>
    <ClInclude Include="src\entity\flyer_carrier_fixes.hpp">
      <Filter>entity</Filter>
    </ClInclude>
    <ClInclude Include="src\entity\soldier_prone.hpp">
      <Filter>entity</Filter>
    </ClInclude>
    <ClInclude Include="src\entity\soldier_fp_animation_override.hpp">
      <Filter>entity</Filter>
    </ClInclude>
    <ClInclude Include="src\entity\flyer_boost_animation.hpp">
      <Filter>entity</Filter>
    </ClInclude>
    <ClInclude Include="src\entity\cloth_collision_fix.hpp">
      <Filter>entity</Filter>
    </ClInclude>
    <ClInclude Include="src\weapon\disguise_model_override.hpp">
      <Filter>weapon</Filter>
    </ClInclude>
    <ClInclude Include="src\weapon\grappling_hook.hpp">
      <Filter>weapon</Filter>
    </ClInclude>
    <ClInclude Include="src\weapon\shield_channel_fix.hpp">
      <Filter>weapon</Filter>
    </ClInclude>
    <ClInclude Include="src\lua\lua_hooks.hpp">
      <Filter>lua</Filter>
    </ClInclude>
    <ClInclude Include="src\lua\lua_funcs.hpp">
      <Filter>lua</Filter>
    </ClInclude>
    <ClInclude Include="src\debug_commands\command_registry.hpp">
      <Filter>debug_commands</Filter>
    </ClInclude>
    <ClInclude Include="src\debug_commands\hover_springs.hpp">
      <Filter>debug_commands</Filter>
    </ClInclude>
    <ClInclude Include="src\debug_commands\weapon_ranges.hpp">
      <Filter>debug_commands</Filter>
    </ClInclude>
    <ClInclude Include="src\util\cfile.hpp">
      <Filter>util</Filter>
    </ClInclude>
    <ClInclude Include="src\util\ini_config.hpp">
      <Filter>util</Filter>
    </ClInclude>
    <ClInclude Include="src\util\slim_vector.hpp">
      <Filter>util</Filter>
    </ClInclude>
    <ClInclude Include="src\loading_screen\loading_screen.hpp">
      <Filter>loading_screen</Filter>
    </ClInclude>
    <ClInclude Include="src\loading_screen\shared.hpp">
      <Filter>loading_screen</Filter>
    </ClInclude>
    <ClInclude Include="src\shell\gc_visual_limits.hpp">
      <Filter>shell</Filter>
    </ClInclude>
    <ClInclude Include="src\entity\anim_bank_append.hpp">
      <Filter>entity</Filter>
    </ClInclude>
    <ClInclude Include="src\controller\controller_support.hpp">
      <Filter>controller</Filter>
    </ClInclude>
    <ClInclude Include="src\controller\controller_rumble.hpp">
      <Filter>controller</Filter>
    </ClInclude>
    <ClInclude Include="src\controller\aim_assist.hpp">
      <Filter>controller</Filter>
    </ClInclude>
    <ClInclude Include="src\util\ini_registry.hpp">
      <Filter>util</Filter>
    </ClInclude>
  </ItemGroup>
  <ItemGroup>
    <ClCompile Include="src\core\pch.cpp">
      <Filter>core</Filter>
    </ClCompile>
    <ClCompile Include="src\core\dllmain.cpp">
      <Filter>core</Filter>
    </ClCompile>
    <ClCompile Include="src\core\apply_patches.cpp">
      <Filter>core</Filter>
    </ClCompile>
    <ClCompile Include="src\core\patch_table.cpp">
      <Filter>core</Filter>
    </ClCompile>
    <ClCompile Include="src\entity\flyer_carrier_fixes.cpp">
      <Filter>entity</Filter>
    </ClCompile>
    <ClCompile Include="src\entity\soldier_prone.cpp">
      <Filter>entity</Filter>
    </ClCompile>
    <ClCompile Include="src\entity\soldier_fp_animation_override.cpp">
      <Filter>entity</Filter>
    </ClCompile>
    <ClCompile Include="src\entity\flyer_boost_animation.cpp">
      <Filter>entity</Filter>
    </ClCompile>
    <ClCompile Include="src\entity\cloth_collision_fix.cpp">
      <Filter>entity</Filter>
    </ClCompile>
    <ClCompile Include="src\weapon\disguise_model_override.cpp">
      <Filter>weapon</Filter>
    </ClCompile>
    <ClCompile Include="src\weapon\grappling_hook.cpp">
      <Filter>weapon</Filter>
    </ClCompile>
    <ClCompile Include="src\weapon\shield_channel_fix.cpp">
      <Filter>weapon</Filter>
    </ClCompile>
    <ClCompile Include="src\lua\lua_hooks.cpp">
      <Filter>lua</Filter>
    </ClCompile>
    <ClCompile Include="src\lua\lua_funcs.cpp">
      <Filter>lua</Filter>
    </ClCompile>
    <ClCompile Include="src\debug_commands\debug_command.cpp">
      <Filter>debug_commands</Filter>
    </ClCompile>
    <ClCompile Include="src\debug_commands\command_registry.cpp">
      <Filter>debug_commands</Filter>
    </ClCompile>
    <ClCompile Include="src\debug_commands\hover_springs.cpp">
      <Filter>debug_commands</Filter>
    </ClCompile>
    <ClCompile Include="src\debug_commands\weapon_ranges.cpp">
      <Filter>debug_commands</Filter>
    </ClCompile>
    <ClCompile Include="src\util\cfile.cpp">
      <Filter>util</Filter>
    </ClCompile>
    <ClCompile Include="src\loading_screen\config_parser.cpp">
      <Filter>loading_screen</Filter>
    </ClCompile>
    <ClCompile Include="src\loading_screen\renderer.cpp">
      <Filter>loading_screen</Filter>
    </ClCompile>
    <ClCompile Include="src\loading_screen\lifecycle.cpp">
      <Filter>loading_screen</Filter>
    </ClCompile>
    <ClCompile Include="src\shell\gc_visual_limits.cpp">
      <Filter>shell</Filter>
    </ClCompile>
    <ClCompile Include="src\entity\anim_bank_append.cpp">
      <Filter>entity</Filter>
    </ClCompile>
    <ClCompile Include="src\controller\controller_support.cpp">
      <Filter>controller</Filter>
    </ClCompile>
    <ClCompile Include="src\controller\controller_rumble.cpp">
      <Filter>controller</Filter>
    </ClCompile>
    <ClCompile Include="src\controller\aim_assist.cpp">
      <Filter>controller</Filter>
    </ClCompile>
  </ItemGroup>
  <ItemGroup>
    <ResourceCompile Include="Resource.rc">
      <Filter>Resource Files</Filter>
    </ResourceCompile>
  </ItemGroup>
</Project>