<?xml version="1.0" encoding="utf-8"?>
<Project ToolsVersion="4.0" xmlns="http://schemas.microsoft.com/developer/msbuild/2003">
  <ItemGroup>
    <Filter Include="core">
      <UniqueIdentifier>{4FC737F1-C7A5-4376-A066-2A32D752A2FF}</UniqueIdentifier>
    </Filter>
    <Filter Include="entity">
      <UniqueIdentifier>{93995380-89BD-4b04-88EB-625FBE52EBFB}</UniqueIdentifier>
    </Filter>
    <Filter Include="weapon">
      <UniqueIdentifier>{A1B2C3D4-E5F6-7890-ABCD-EF1234567890}</UniqueIdentifier>
    </Filter>
    <Filter Include="lua">
      <UniqueIdentifier>{B2C3D4E5-F6A7-8901-BCDE-F12345678901}</UniqueIdentifier>
    </Filter>
    <Filter Include="commands">
      <UniqueIdentifier>{C3D4E5F6-A7B8-9012-CDEF-123456789012}</UniqueIdentifier>
    </Filter>
    <Filter Include="util">
      <UniqueIdentifier>{D4E5F6A7-B8C9-0123-DEFA-234567890123}</UniqueIdentifier>
    </Filter>
    <Filter Include="Resource Files">
      <UniqueIdentifier>{67DA6AB6-F800-4c08-8B7A-83BB121AAD01}</UniqueIdentifier>
      <Extensions>rc;ico;cur;bmp;dlg;rc2;rct;bin;rgs;gif;jpg;jpeg;jpe;resx;tiff;tif;png;wav;mfcribbon-ms</Extensions>
    </Filter>
  </ItemGroup>
  <ItemGroup>
    <ClInclude Include="resource.h">
      <Filter>core</Filter>
    </ClInclude>
    <ClInclude Include="src\core\pch.h">
      <Filter>core</Filter>
    </ClInclude>
    <ClInclude Include="src\core\framework.h">
      <Filter>core</Filter>
    </ClInclude>
    <ClInclude Include="src\core\apply_patches.hpp">
      <Filter>core</Filter>
    </ClInclude>
    <ClInclude Include="src\core\patch_table.hpp">
      <Filter>core</Filter>
    </ClInclude>
    <ClInclude Include="src\entity\entity_carrier_fixes.hpp">
      <Filter>entity</Filter>
    </ClInclude>
    <ClInclude Include="src\entity\prone_system.hpp">
      <Filter>entity</Filter>
    </ClInclude>
    <ClInclude Include="src\entity\fp_anim_bank.hpp">
      <Filter>entity</Filter>
    </ClInclude>
    <ClInclude Include="src\entity\cloth_collision_fix.hpp">
      <Filter>entity</Filter>
    </ClInclude>
    <ClInclude Include="src\weapon\disguise_ext.hpp">
      <Filter>weapon</Filter>
    </ClInclude>
    <ClInclude Include="src\weapon\grapple_fix.hpp">
      <Filter>weapon</Filter>
    </ClInclude>
    <ClInclude Include="src\lua\lua_hooks.hpp">
      <Filter>lua</Filter>
    </ClInclude>
    <ClInclude Include="src\lua\lua_funcs.hpp">
      <Filter>lua</Filter>
    </ClInclude>
    <ClInclude Include="src\commands\debug_command_registry.hpp">
      <Filter>commands</Filter>
    </ClInclude>
    <ClInclude Include="src\commands\debug_hover_springs.hpp">
      <Filter>commands</Filter>
    </ClInclude>
    <ClInclude Include="src\commands\debug_weapon_ranges.hpp">
      <Filter>commands</Filter>
    </ClInclude>
    <ClInclude Include="src\util\cfile.hpp">
      <Filter>util</Filter>
    </ClInclude>
    <ClInclude Include="src\util\slim_vector.hpp">
      <Filter>util</Filter>
    </ClInclude>
    <ClInclude Include="src\util\bf1_load_ext.hpp">
      <Filter>util</Filter>
    </ClInclude>
  </ItemGroup>
  <ItemGroup>
    <ClCompile Include="src\core\pch.cpp">
      <Filter>core</Filter>
    </ClCompile>
    <ClCompile Include="src\core\dllmain.cpp">
      <Filter>core</Filter>
    </ClCompile>
    <ClCompile Include="src\core\apply_patches.cpp">
      <Filter>core</Filter>
    </ClCompile>
    <ClCompile Include="src\core\patch_table.cpp">
      <Filter>core</Filter>
    </ClCompile>
    <ClCompile Include="src\entity\entity_carrier_fixes.cpp">
      <Filter>entity</Filter>
    </ClCompile>
    <ClCompile Include="src\entity\prone_system.cpp">
      <Filter>entity</Filter>
    </ClCompile>
    <ClCompile Include="src\entity\fp_anim_bank.cpp">
      <Filter>entity</Filter>
    </ClCompile>
    <ClCompile Include="src\entity\cloth_collision_fix.cpp">
      <Filter>entity</Filter>
    </ClCompile>
    <ClCompile Include="src\weapon\disguise_ext.cpp">
      <Filter>weapon</Filter>
    </ClCompile>
    <ClCompile Include="src\weapon\grapple_fix.cpp">
      <Filter>weapon</Filter>
    </ClCompile>
    <ClCompile Include="src\lua\lua_hooks.cpp">
      <Filter>lua</Filter>
    </ClCompile>
    <ClCompile Include="src\lua\lua_funcs.cpp">
      <Filter>lua</Filter>
    </ClCompile>
    <ClCompile Include="src\commands\debug_command_registry.cpp">
      <Filter>commands</Filter>
    </ClCompile>
    <ClCompile Include="src\commands\debug_hover_springs.cpp">
      <Filter>commands</Filter>
    </ClCompile>
    <ClCompile Include="src\commands\debug_weapon_ranges.cpp">
      <Filter>commands</Filter>
    </ClCompile>
    <ClCompile Include="src\util\cfile.cpp">
      <Filter>util</Filter>
    </ClCompile>
    <ClCompile Include="src\util\bf1_load_ext.cpp">
      <Filter>util</Filter>
    </ClCompile>
  </ItemGroup>
  <ItemGroup>
    <ResourceCompile Include="Resource.rc">
      <Filter>Resource Files</Filter>
    </ResourceCompile>
  </ItemGroup>
</Project>